
Microsoft Visual Studio Solution File, Format Version 12.00
# Visual Studio Version 17
VisualStudioVersion = 17.10.35027.167
MinimumVisualStudioVersion = 10.0.40219.1
Project("{FAE04EC0-301F-11D3-BF4B-00C04F79EFBC}") = "CifradoRSAEQ1", "CifradoRSAEQ1.csproj", "{39400675-B137-430E-950A-6EFC83020DEB}"
EndProject
Global
	GlobalSection(SolutionConfigurationPlatforms) = preSolution
		Debug|Any CPU = Debug|Any CPU
		Release|Any CPU = Release|Any CPU
	EndGlobalSection
	GlobalSection(ProjectConfigurationPlatforms) = postSolution
		{39400675-B137-430E-950A-6EFC83020DEB}.Debug|Any CPU.ActiveCfg = Debug|Any CPU
		{39400675-B137-430E-950A-6EFC83020DEB}.Debug|Any CPU.Build.0 = Debug|Any CPU
		{39400675-B137-430E-950A-6EFC83020DEB}.Release|Any CPU.ActiveCfg = Release|Any CPU
		{39400675-B137-430E-950A-6EFC83020DEB}.Release|Any CPU.Build.0 = Release|Any CPU
	EndGlobalSection
	GlobalSection(SolutionProperties) = preSolution
		HideSolutionNode = FALSE
	EndGlobalSection
	GlobalSection(ExtensibilityGlobals) = postSolution
		SolutionGuid = {47BA6434-22C4-4A2A-AD3B-90915FE4E7AD}
	EndGlobalSection
EndGlobal
